<?xml version="1.0" encoding="utf-8"?>
<Project ToolsVersion="17.0" xmlns="http://schemas.microsoft.com/developer/msbuild/2003">
  <ItemGroup>
    <ClCompile Include="C:\Users\eichl\Uni\7. Semester\Scientific Computing\Git-Clone\ASC-ODE_physics_group\demos\test_ode.cc">
      <Filter>Source Files</Filter>
    </ClCompile>
  </ItemGroup>
  <ItemGroup>
    <CustomBuild Include="C:\Users\eichl\Uni\7. Semester\Scientific Computing\Git-Clone\ASC-ODE_physics_group\CMakeLists.txt" />
  </ItemGroup>
  <ItemGroup>
    <Filter Include="Source Files">
      <UniqueIdentifier>{F8F40FF9-3049-3595-B0EC-295FB31EE5A6}</UniqueIdentifier>
    </Filter>
  </ItemGroup>
</Project>
